
Microsoft Visual Studio Solution File, Format Version 12.00
# Visual Studio Version 17
VisualStudioVersion = 17.5.33516.290
MinimumVisualStudioVersion = 10.0.40219.1
Project("{FAE04EC0-301F-11D3-BF4B-00C04F79EFBC}") = "SistemaFinanceiroAPI", "SistemaFinanceiroAPI\SistemaFinanceiroAPI.csproj", "{F86718D9-26D4-4594-8FDA-60212E310168}"
EndProject
Global
	GlobalSection(SolutionConfigurationPlatforms) = preSolution
		Debug|Any CPU = Debug|Any CPU
		Release|Any CPU = Release|Any CPU
	EndGlobalSection
	GlobalSection(ProjectConfigurationPlatforms) = postSolution
		{F86718D9-26D4-4594-8FDA-60212E310168}.Debug|Any CPU.ActiveCfg = Debug|Any CPU
		{F86718D9-26D4-4594-8FDA-60212E310168}.Debug|Any CPU.Build.0 = Debug|Any CPU
		{F86718D9-26D4-4594-8FDA-60212E310168}.Release|Any CPU.ActiveCfg = Release|Any CPU
		{F86718D9-26D4-4594-8FDA-60212E310168}.Release|Any CPU.Build.0 = Release|Any CPU
	EndGlobalSection
	GlobalSection(SolutionProperties) = preSolution
		HideSolutionNode = FALSE
	EndGlobalSection
	GlobalSection(ExtensibilityGlobals) = postSolution
		SolutionGuid = {70B39455-33B3-422B-9AB7-A998ECEE312A}
	EndGlobalSection
EndGlobal
